
Microsoft Visual Studio Solution File, Format Version 12.00
# Visual Studio Version 16
VisualStudioVersion = 16.0.30907.101
MinimumVisualStudioVersion = 10.0.40219.1
Project("{FAE04EC0-301F-11D3-BF4B-00C04F79EFBC}") = "Banking_PL", "Banking_PL\Banking_PL.csproj", "{2130183C-9D1B-4AF1-8E0B-22E0929415E6}"
EndProject
Project("{FAE04EC0-301F-11D3-BF4B-00C04F79EFBC}") = "Bank_BL", "Bank_BL\Bank_BL.csproj", "{B431FEA3-B105-478A-9E99-812B612C0D0D}"
EndProject
Project("{FAE04EC0-301F-11D3-BF4B-00C04F79EFBC}") = "Bank_DL", "Bank_DL\Bank_DL.csproj", "{407D7598-3E7F-4A64-B296-543F7D97B2D8}"
EndProject
Global
	GlobalSection(SolutionConfigurationPlatforms) = preSolution
		Debug|Any CPU = Debug|Any CPU
		Release|Any CPU = Release|Any CPU
	EndGlobalSection
	GlobalSection(ProjectConfigurationPlatforms) = postSolution
		{2130183C-9D1B-4AF1-8E0B-22E0929415E6}.Debug|Any CPU.ActiveCfg = Debug|Any CPU
		{2130183C-9D1B-4AF1-8E0B-22E0929415E6}.Debug|Any CPU.Build.0 = Debug|Any CPU
		{2130183C-9D1B-4AF1-8E0B-22E0929415E6}.Release|Any CPU.ActiveCfg = Release|Any CPU
		{2130183C-9D1B-4AF1-8E0B-22E0929415E6}.Release|Any CPU.Build.0 = Release|Any CPU
		{B431FEA3-B105-478A-9E99-812B612C0D0D}.Debug|Any CPU.ActiveCfg = Debug|Any CPU
		{B431FEA3-B105-478A-9E99-812B612C0D0D}.Debug|Any CPU.Build.0 = Debug|Any CPU
		{B431FEA3-B105-478A-9E99-812B612C0D0D}.Release|Any CPU.ActiveCfg = Release|Any CPU
		{B431FEA3-B105-478A-9E99-812B612C0D0D}.Release|Any CPU.Build.0 = Release|Any CPU
		{407D7598-3E7F-4A64-B296-543F7D97B2D8}.Debug|Any CPU.ActiveCfg = Debug|Any CPU
		{407D7598-3E7F-4A64-B296-543F7D97B2D8}.Debug|Any CPU.Build.0 = Debug|Any CPU
		{407D7598-3E7F-4A64-B296-543F7D97B2D8}.Release|Any CPU.ActiveCfg = Release|Any CPU
		{407D7598-3E7F-4A64-B296-543F7D97B2D8}.Release|Any CPU.Build.0 = Release|Any CPU
	EndGlobalSection
	GlobalSection(SolutionProperties) = preSolution
		HideSolutionNode = FALSE
	EndGlobalSection
	GlobalSection(ExtensibilityGlobals) = postSolution
		SolutionGuid = {4AD203A6-88A4-457E-8C76-7867CBC251AF}
	EndGlobalSection
EndGlobal
